// !$*UTF8*$!
{
	archiveVersion = 1;
	classes = {
	};
	objectVersion = 51;
	objects = {

/* Begin PBXBuildFile section */
		3D45909926334529006DA56D /* SearchBar.swift in Sources */ = {isa = PBXBuildFile; fileRef = 3D45909826334529006DA56D /* SearchBar.swift */; };
		3D5FA31125449D1400888CC8 /* justice_for_familiesApp.swift in Sources */ = {isa = PBXBuildFile; fileRef = 3D5FA31025449D1400888CC8 /* justice_for_familiesApp.swift */; };
		3D5FA31525449D1700888CC8 /* Assets.xcassets in Resources */ = {isa = PBXBuildFile; fileRef = 3D5FA31425449D1700888CC8 /* Assets.xcassets */; };
		3D5FA31825449D1700888CC8 /* Preview Assets.xcassets in Resources */ = {isa = PBXBuildFile; fileRef = 3D5FA31725449D1700888CC8 /* Preview Assets.xcassets */; };
		3D5FA32325449D1800888CC8 /* justice_for_familiesTests.swift in Sources */ = {isa = PBXBuildFile; fileRef = 3D5FA32225449D1800888CC8 /* justice_for_familiesTests.swift */; };
		3D5FA32E25449D1800888CC8 /* justice_for_familiesUITests.swift in Sources */ = {isa = PBXBuildFile; fileRef = 3D5FA32D25449D1800888CC8 /* justice_for_familiesUITests.swift */; };
		3D95CE03263A2C9900BCE72F /* Time.swift in Sources */ = {isa = PBXBuildFile; fileRef = 3D95CE02263A2C9900BCE72F /* Time.swift */; };
		4A1F83B4263A2F4B00BD1CF8 /* ActivityCell.swift in Sources */ = {isa = PBXBuildFile; fileRef = 4A1F83B3263A2F4B00BD1CF8 /* ActivityCell.swift */; };
		4A3430BD263A2A36007F4DD0 /* ActivityView.swift in Sources */ = {isa = PBXBuildFile; fileRef = 4A3430BC263A2A36007F4DD0 /* ActivityView.swift */; };
		4A50F168263092C4005A1413 /* TagCell.swift in Sources */ = {isa = PBXBuildFile; fileRef = 4A50F167263092C4005A1413 /* TagCell.swift */; };
		4A64399B25C4E2990014B3FF /* Network.swift in Sources */ = {isa = PBXBuildFile; fileRef = 4A64399A25C4E2990014B3FF /* Network.swift */; };
		4A71FDD7263DEF9300866219 /* Activity.swift in Sources */ = {isa = PBXBuildFile; fileRef = 4A71FDD6263DEF9300866219 /* Activity.swift */; };
		4A781E7B262F915900ABDEDF /* HomeFeed.swift in Sources */ = {isa = PBXBuildFile; fileRef = 4A781E79262F915900ABDEDF /* HomeFeed.swift */; };
		4A781E7C262F915900ABDEDF /* FeedCell.swift in Sources */ = {isa = PBXBuildFile; fileRef = 4A781E7A262F915900ABDEDF /* FeedCell.swift */; };
		4A781E8A262F91C800ABDEDF /* AuthenticationData.swift in Sources */ = {isa = PBXBuildFile; fileRef = 4A781E89262F91C800ABDEDF /* AuthenticationData.swift */; };
		4A781E8F262F91F900ABDEDF /* Post.swift in Sources */ = {isa = PBXBuildFile; fileRef = 4A781E8E262F91F900ABDEDF /* Post.swift */; };
		4A781E94262F920A00ABDEDF /* Comment.swift in Sources */ = {isa = PBXBuildFile; fileRef = 4A781E93262F920A00ABDEDF /* Comment.swift */; };
		4AD5DC9F262F8BAD00A614B1 /* J4FFonts.swift in Sources */ = {isa = PBXBuildFile; fileRef = 4AD5DC99262F8BAD00A614B1 /* J4FFonts.swift */; };
		4AD5DCA0262F8BAD00A614B1 /* J4FColors.swift in Sources */ = {isa = PBXBuildFile; fileRef = 4AD5DC9A262F8BAD00A614B1 /* J4FColors.swift */; };
		5AE31D2B262FE70F00382580 /* AddTagsView.swift in Sources */ = {isa = PBXBuildFile; fileRef = 5AE31D2A262FE70F00382580 /* AddTagsView.swift */; };
		5B5CB0AE257B094F00357437 /* PostView.swift in Sources */ = {isa = PBXBuildFile; fileRef = 5B5CB0AD257B094F00357437 /* PostView.swift */; };
		5BA5F07D263A221C00706B25 /* WhatYouMissedCell.swift in Sources */ = {isa = PBXBuildFile; fileRef = 5BA5F07C263A221C00706B25 /* WhatYouMissedCell.swift */; };
		5BE541F125B3A331008DF7A8 /* AppConstants.swift in Sources */ = {isa = PBXBuildFile; fileRef = 5BE541F025B3A331008DF7A8 /* AppConstants.swift */; };
		5BE541FE25B3A3FC008DF7A8 /* CommentRow.swift in Sources */ = {isa = PBXBuildFile; fileRef = 5BE541FD25B3A3FC008DF7A8 /* CommentRow.swift */; };
		5BE5420925B3A43E008DF7A8 /* AddCommentFooter.swift in Sources */ = {isa = PBXBuildFile; fileRef = 5BE5420825B3A43E008DF7A8 /* AddCommentFooter.swift */; };
		5BE5421125B3A4E4008DF7A8 /* SignUpView.swift in Sources */ = {isa = PBXBuildFile; fileRef = 5BE5421025B3A4E4008DF7A8 /* SignUpView.swift */; };
		5BE5421625B3A4EB008DF7A8 /* LoginView.swift in Sources */ = {isa = PBXBuildFile; fileRef = 5BE5421525B3A4EB008DF7A8 /* LoginView.swift */; };
		6C2B212E25F17F820076691C /* EditProfileView.swift in Sources */ = {isa = PBXBuildFile; fileRef = 6C2B212D25F17F820076691C /* EditProfileView.swift */; };
		6C2B213325F17F890076691C /* UserProfileView.swift in Sources */ = {isa = PBXBuildFile; fileRef = 6C2B213225F17F890076691C /* UserProfileView.swift */; };
		6C9CEC55258051C100F4A733 /* AddPostView.swift in Sources */ = {isa = PBXBuildFile; fileRef = 6C9CEC54258051C100F4A733 /* AddPostView.swift */; };
		6CFB7DEC25B243F5009A11AA /* TabBar.swift in Sources */ = {isa = PBXBuildFile; fileRef = 6CFB7DEB25B243F5009A11AA /* TabBar.swift */; };
		7607A0E263E7ADAFB0A560A7 /* Pods_justice_for_families_justice_for_familiesUITests.framework in Frameworks */ = {isa = PBXBuildFile; fileRef = D499B24A6EC205505B12BBEF /* Pods_justice_for_families_justice_for_familiesUITests.framework */; };
		7F58F38E0905E5C5B9576F4A /* Pods_justice_for_familiesTests.framework in Frameworks */ = {isa = PBXBuildFile; fileRef = 526367AC012CCDAFA09C8B34 /* Pods_justice_for_familiesTests.framework */; };
		89C66716EC31CFB291A8232F /* Pods_justice_for_families.framework in Frameworks */ = {isa = PBXBuildFile; fileRef = AAE13D7776807FFC81C661EF /* Pods_justice_for_families.framework */; };
		C278BEFF25EA419500F50373 /* Poppins-Regular.ttf in Resources */ = {isa = PBXBuildFile; fileRef = C278BEFE25EA419500F50373 /* Poppins-Regular.ttf */; };
		C278BF0425EA41AB00F50373 /* Poppins-Medium.ttf in Resources */ = {isa = PBXBuildFile; fileRef = C278BF0325EA41AB00F50373 /* Poppins-Medium.ttf */; };
/* End PBXBuildFile section */

/* Begin PBXContainerItemProxy section */
		3D5FA31F25449D1800888CC8 /* PBXContainerItemProxy */ = {
			isa = PBXContainerItemProxy;
			containerPortal = 3D5FA30525449D1400888CC8 /* Project object */;
			proxyType = 1;
			remoteGlobalIDString = 3D5FA30C25449D1400888CC8;
			remoteInfo = "justice-for-families";
		};
		3D5FA32A25449D1800888CC8 /* PBXContainerItemProxy */ = {
			isa = PBXContainerItemProxy;
			containerPortal = 3D5FA30525449D1400888CC8 /* Project object */;
			proxyType = 1;
			remoteGlobalIDString = 3D5FA30C25449D1400888CC8;
			remoteInfo = "justice-for-families";
		};
/* End PBXContainerItemProxy section */

/* Begin PBXFileReference section */
		2611575408C96908AE029F6C /* Pods-justice-for-familiesTests.release.xcconfig */ = {isa = PBXFileReference; includeInIndex = 1; lastKnownFileType = text.xcconfig; name = "Pods-justice-for-familiesTests.release.xcconfig"; path = "Target Support Files/Pods-justice-for-familiesTests/Pods-justice-for-familiesTests.release.xcconfig"; sourceTree = "<group>"; };
		3D45909826334529006DA56D /* SearchBar.swift */ = {isa = PBXFileReference; lastKnownFileType = sourcecode.swift; path = SearchBar.swift; sourceTree = "<group>"; };
		3D5FA30D25449D1400888CC8 /* justice-for-families.app */ = {isa = PBXFileReference; explicitFileType = wrapper.application; includeInIndex = 0; path = "justice-for-families.app"; sourceTree = BUILT_PRODUCTS_DIR; };
		3D5FA31025449D1400888CC8 /* justice_for_familiesApp.swift */ = {isa = PBXFileReference; lastKnownFileType = sourcecode.swift; path = justice_for_familiesApp.swift; sourceTree = "<group>"; };
		3D5FA31425449D1700888CC8 /* Assets.xcassets */ = {isa = PBXFileReference; lastKnownFileType = folder.assetcatalog; path = Assets.xcassets; sourceTree = "<group>"; };
		3D5FA31725449D1700888CC8 /* Preview Assets.xcassets */ = {isa = PBXFileReference; lastKnownFileType = folder.assetcatalog; path = "Preview Assets.xcassets"; sourceTree = "<group>"; };
		3D5FA31925449D1700888CC8 /* Info.plist */ = {isa = PBXFileReference; lastKnownFileType = text.plist.xml; path = Info.plist; sourceTree = "<group>"; };
		3D5FA31E25449D1800888CC8 /* justice-for-familiesTests.xctest */ = {isa = PBXFileReference; explicitFileType = wrapper.cfbundle; includeInIndex = 0; path = "justice-for-familiesTests.xctest"; sourceTree = BUILT_PRODUCTS_DIR; };
		3D5FA32225449D1800888CC8 /* justice_for_familiesTests.swift */ = {isa = PBXFileReference; lastKnownFileType = sourcecode.swift; path = justice_for_familiesTests.swift; sourceTree = "<group>"; };
		3D5FA32425449D1800888CC8 /* Info.plist */ = {isa = PBXFileReference; lastKnownFileType = text.plist.xml; path = Info.plist; sourceTree = "<group>"; };
		3D5FA32925449D1800888CC8 /* justice-for-familiesUITests.xctest */ = {isa = PBXFileReference; explicitFileType = wrapper.cfbundle; includeInIndex = 0; path = "justice-for-familiesUITests.xctest"; sourceTree = BUILT_PRODUCTS_DIR; };
		3D5FA32D25449D1800888CC8 /* justice_for_familiesUITests.swift */ = {isa = PBXFileReference; lastKnownFileType = sourcecode.swift; path = justice_for_familiesUITests.swift; sourceTree = "<group>"; };
		3D5FA32F25449D1800888CC8 /* Info.plist */ = {isa = PBXFileReference; lastKnownFileType = text.plist.xml; path = Info.plist; sourceTree = "<group>"; };
		3D95CE02263A2C9900BCE72F /* Time.swift */ = {isa = PBXFileReference; lastKnownFileType = sourcecode.swift; path = Time.swift; sourceTree = "<group>"; };
		4A1F83B3263A2F4B00BD1CF8 /* ActivityCell.swift */ = {isa = PBXFileReference; lastKnownFileType = sourcecode.swift; path = ActivityCell.swift; sourceTree = "<group>"; };
		4A3430BC263A2A36007F4DD0 /* ActivityView.swift */ = {isa = PBXFileReference; lastKnownFileType = sourcecode.swift; path = ActivityView.swift; sourceTree = "<group>"; };
		4A50F167263092C4005A1413 /* TagCell.swift */ = {isa = PBXFileReference; fileEncoding = 4; lastKnownFileType = sourcecode.swift; path = TagCell.swift; sourceTree = "<group>"; };
		4A64399A25C4E2990014B3FF /* Network.swift */ = {isa = PBXFileReference; lastKnownFileType = sourcecode.swift; path = Network.swift; sourceTree = "<group>"; };
		4A71FDD6263DEF9300866219 /* Activity.swift */ = {isa = PBXFileReference; lastKnownFileType = sourcecode.swift; path = Activity.swift; sourceTree = "<group>"; };
		4A781E79262F915900ABDEDF /* HomeFeed.swift */ = {isa = PBXFileReference; fileEncoding = 4; lastKnownFileType = sourcecode.swift; path = HomeFeed.swift; sourceTree = "<group>"; };
		4A781E7A262F915900ABDEDF /* FeedCell.swift */ = {isa = PBXFileReference; fileEncoding = 4; lastKnownFileType = sourcecode.swift; path = FeedCell.swift; sourceTree = "<group>"; };
		4A781E89262F91C800ABDEDF /* AuthenticationData.swift */ = {isa = PBXFileReference; fileEncoding = 4; lastKnownFileType = sourcecode.swift; path = AuthenticationData.swift; sourceTree = "<group>"; };
		4A781E8E262F91F900ABDEDF /* Post.swift */ = {isa = PBXFileReference; lastKnownFileType = sourcecode.swift; path = Post.swift; sourceTree = "<group>"; };
		4A781E93262F920A00ABDEDF /* Comment.swift */ = {isa = PBXFileReference; lastKnownFileType = sourcecode.swift; path = Comment.swift; sourceTree = "<group>"; };
		4AD5DC99262F8BAD00A614B1 /* J4FFonts.swift */ = {isa = PBXFileReference; fileEncoding = 4; lastKnownFileType = sourcecode.swift; path = J4FFonts.swift; sourceTree = "<group>"; };
		4AD5DC9A262F8BAD00A614B1 /* J4FColors.swift */ = {isa = PBXFileReference; fileEncoding = 4; lastKnownFileType = sourcecode.swift; path = J4FColors.swift; sourceTree = "<group>"; };
		526367AC012CCDAFA09C8B34 /* Pods_justice_for_familiesTests.framework */ = {isa = PBXFileReference; explicitFileType = wrapper.framework; includeInIndex = 0; path = Pods_justice_for_familiesTests.framework; sourceTree = BUILT_PRODUCTS_DIR; };
		5AC2D1E29C2FB70D75D9D685 /* Pods-justice-for-families-justice-for-familiesUITests.release.xcconfig */ = {isa = PBXFileReference; includeInIndex = 1; lastKnownFileType = text.xcconfig; name = "Pods-justice-for-families-justice-for-familiesUITests.release.xcconfig"; path = "Target Support Files/Pods-justice-for-families-justice-for-familiesUITests/Pods-justice-for-families-justice-for-familiesUITests.release.xcconfig"; sourceTree = "<group>"; };
		5AE31D2A262FE70F00382580 /* AddTagsView.swift */ = {isa = PBXFileReference; lastKnownFileType = sourcecode.swift; path = AddTagsView.swift; sourceTree = "<group>"; };
		5B3EE6E425EC84C7005FCA29 /* AuthenticationData.swift */ = {isa = PBXFileReference; lastKnownFileType = sourcecode.swift; path = AuthenticationData.swift; sourceTree = "<group>"; };
		5B5CB0AD257B094F00357437 /* PostView.swift */ = {isa = PBXFileReference; lastKnownFileType = sourcecode.swift; path = PostView.swift; sourceTree = "<group>"; };
		5BA5F07C263A221C00706B25 /* WhatYouMissedCell.swift */ = {isa = PBXFileReference; lastKnownFileType = sourcecode.swift; path = WhatYouMissedCell.swift; sourceTree = "<group>"; };
		5BE541F025B3A331008DF7A8 /* AppConstants.swift */ = {isa = PBXFileReference; fileEncoding = 4; lastKnownFileType = sourcecode.swift; path = AppConstants.swift; sourceTree = "<group>"; };
		5BE541FD25B3A3FC008DF7A8 /* CommentRow.swift */ = {isa = PBXFileReference; lastKnownFileType = sourcecode.swift; path = CommentRow.swift; sourceTree = "<group>"; };
		5BE5420825B3A43E008DF7A8 /* AddCommentFooter.swift */ = {isa = PBXFileReference; lastKnownFileType = sourcecode.swift; path = AddCommentFooter.swift; sourceTree = "<group>"; };
		5BE5421025B3A4E4008DF7A8 /* SignUpView.swift */ = {isa = PBXFileReference; fileEncoding = 4; lastKnownFileType = sourcecode.swift; path = SignUpView.swift; sourceTree = "<group>"; };
		5BE5421525B3A4EB008DF7A8 /* LoginView.swift */ = {isa = PBXFileReference; fileEncoding = 4; lastKnownFileType = sourcecode.swift; path = LoginView.swift; sourceTree = "<group>"; };
		6C2B212D25F17F820076691C /* EditProfileView.swift */ = {isa = PBXFileReference; fileEncoding = 4; lastKnownFileType = sourcecode.swift; path = EditProfileView.swift; sourceTree = "<group>"; };
		6C2B213225F17F890076691C /* UserProfileView.swift */ = {isa = PBXFileReference; fileEncoding = 4; lastKnownFileType = sourcecode.swift; path = UserProfileView.swift; sourceTree = "<group>"; };
		6C9CEC54258051C100F4A733 /* AddPostView.swift */ = {isa = PBXFileReference; lastKnownFileType = sourcecode.swift; path = AddPostView.swift; sourceTree = "<group>"; };
		6CFB7DEB25B243F5009A11AA /* TabBar.swift */ = {isa = PBXFileReference; lastKnownFileType = sourcecode.swift; path = TabBar.swift; sourceTree = "<group>"; };
		6FB7B6F528817BC29A79A156 /* Pods-justice-for-families.release.xcconfig */ = {isa = PBXFileReference; includeInIndex = 1; lastKnownFileType = text.xcconfig; name = "Pods-justice-for-families.release.xcconfig"; path = "Target Support Files/Pods-justice-for-families/Pods-justice-for-families.release.xcconfig"; sourceTree = "<group>"; };
		714F563F8C6C22D2BADAB284 /* Pods-justice-for-families.debug.xcconfig */ = {isa = PBXFileReference; includeInIndex = 1; lastKnownFileType = text.xcconfig; name = "Pods-justice-for-families.debug.xcconfig"; path = "Target Support Files/Pods-justice-for-families/Pods-justice-for-families.debug.xcconfig"; sourceTree = "<group>"; };
		71BECD6C781A015883954734 /* Pods-justice-for-families-justice-for-familiesUITests.debug.xcconfig */ = {isa = PBXFileReference; includeInIndex = 1; lastKnownFileType = text.xcconfig; name = "Pods-justice-for-families-justice-for-familiesUITests.debug.xcconfig"; path = "Target Support Files/Pods-justice-for-families-justice-for-familiesUITests/Pods-justice-for-families-justice-for-familiesUITests.debug.xcconfig"; sourceTree = "<group>"; };
		AAE13D7776807FFC81C661EF /* Pods_justice_for_families.framework */ = {isa = PBXFileReference; explicitFileType = wrapper.framework; includeInIndex = 0; path = Pods_justice_for_families.framework; sourceTree = BUILT_PRODUCTS_DIR; };
		BB8B297DF4A152160B928D36 /* Pods-justice-for-familiesTests.debug.xcconfig */ = {isa = PBXFileReference; includeInIndex = 1; lastKnownFileType = text.xcconfig; name = "Pods-justice-for-familiesTests.debug.xcconfig"; path = "Target Support Files/Pods-justice-for-familiesTests/Pods-justice-for-familiesTests.debug.xcconfig"; sourceTree = "<group>"; };
		C278BEFE25EA419500F50373 /* Poppins-Regular.ttf */ = {isa = PBXFileReference; lastKnownFileType = file; path = "Poppins-Regular.ttf"; sourceTree = "<group>"; };
		C278BF0325EA41AB00F50373 /* Poppins-Medium.ttf */ = {isa = PBXFileReference; lastKnownFileType = file; path = "Poppins-Medium.ttf"; sourceTree = "<group>"; };
		D499B24A6EC205505B12BBEF /* Pods_justice_for_families_justice_for_familiesUITests.framework */ = {isa = PBXFileReference; explicitFileType = wrapper.framework; includeInIndex = 0; path = Pods_justice_for_families_justice_for_familiesUITests.framework; sourceTree = BUILT_PRODUCTS_DIR; };
/* End PBXFileReference section */

/* Begin PBXFrameworksBuildPhase section */
		3D5FA30A25449D1400888CC8 /* Frameworks */ = {
			isa = PBXFrameworksBuildPhase;
			buildActionMask = 2147483647;
			files = (
				89C66716EC31CFB291A8232F /* Pods_justice_for_families.framework in Frameworks */,
			);
			runOnlyForDeploymentPostprocessing = 0;
		};
		3D5FA31B25449D1800888CC8 /* Frameworks */ = {
			isa = PBXFrameworksBuildPhase;
			buildActionMask = 2147483647;
			files = (
				7F58F38E0905E5C5B9576F4A /* Pods_justice_for_familiesTests.framework in Frameworks */,
			);
			runOnlyForDeploymentPostprocessing = 0;
		};
		3D5FA32625449D1800888CC8 /* Frameworks */ = {
			isa = PBXFrameworksBuildPhase;
			buildActionMask = 2147483647;
			files = (
				7607A0E263E7ADAFB0A560A7 /* Pods_justice_for_families_justice_for_familiesUITests.framework in Frameworks */,
			);
			runOnlyForDeploymentPostprocessing = 0;
		};
/* End PBXFrameworksBuildPhase section */

/* Begin PBXGroup section */
		1D4C32B8752EFE24D99FDDB8 /* Frameworks */ = {
			isa = PBXGroup;
			children = (
				AAE13D7776807FFC81C661EF /* Pods_justice_for_families.framework */,
				D499B24A6EC205505B12BBEF /* Pods_justice_for_families_justice_for_familiesUITests.framework */,
				526367AC012CCDAFA09C8B34 /* Pods_justice_for_familiesTests.framework */,
			);
			name = Frameworks;
			sourceTree = "<group>";
		};
		3D5FA30425449D1400888CC8 = {
			isa = PBXGroup;
			children = (
				4A781E89262F91C800ABDEDF /* AuthenticationData.swift */,
				3D5FA30F25449D1400888CC8 /* justice-for-families */,
				3D5FA32125449D1800888CC8 /* justice-for-familiesTests */,
				3D5FA32C25449D1800888CC8 /* justice-for-familiesUITests */,
				3D5FA30E25449D1400888CC8 /* Products */,
				EBBA0B836B2D023B1F797E0D /* Pods */,
				1D4C32B8752EFE24D99FDDB8 /* Frameworks */,
				4A781E59262F906900ABDEDF /* Recovered References */,
			);
			sourceTree = "<group>";
		};
		3D5FA30E25449D1400888CC8 /* Products */ = {
			isa = PBXGroup;
			children = (
				3D5FA30D25449D1400888CC8 /* justice-for-families.app */,
				3D5FA31E25449D1800888CC8 /* justice-for-familiesTests.xctest */,
				3D5FA32925449D1800888CC8 /* justice-for-familiesUITests.xctest */,
			);
			name = Products;
			sourceTree = "<group>";
		};
		3D5FA30F25449D1400888CC8 /* justice-for-families */ = {
			isa = PBXGroup;
			children = (
				4A64399A25C4E2990014B3FF /* Network.swift */,
				4ADEDBDF2638DB4C00F9E9AB /* Home Feed */,
				4ADEDBE62638DBA800F9E9AB /* Profile View */,
				4ADEDBE52638DB9800F9E9AB /* Add Post View */,
				4AD5DC97262F8B9800A614B1 /* Util */,
				C278BEFD25EA40A200F50373 /* Custom Fonts */,
				3D5FA31025449D1400888CC8 /* justice_for_familiesApp.swift */,
				3D5FA31425449D1700888CC8 /* Assets.xcassets */,
				3D5FA31925449D1700888CC8 /* Info.plist */,
				4ADEDBE32638DB7F00F9E9AB /* Authentication Views */,
				4ADEDBE42638DB8B00F9E9AB /* Post View */,
				4ADEDBE72638DBB600F9E9AB /* Edit Profile View */,
				3D5FA31625449D1700888CC8 /* Preview Content */,
				5BE541F025B3A331008DF7A8 /* AppConstants.swift */,
				6CFB7DEB25B243F5009A11AA /* TabBar.swift */,
				4A781E8E262F91F900ABDEDF /* Post.swift */,
				4A781E93262F920A00ABDEDF /* Comment.swift */,
				3D45909826334529006DA56D /* SearchBar.swift */,
				4A71FDD6263DEF9300866219 /* Activity.swift */,
			);
			path = "justice-for-families";
			sourceTree = "<group>";
		};
		3D5FA31625449D1700888CC8 /* Preview Content */ = {
			isa = PBXGroup;
			children = (
				3D5FA31725449D1700888CC8 /* Preview Assets.xcassets */,
			);
			path = "Preview Content";
			sourceTree = "<group>";
		};
		3D5FA32125449D1800888CC8 /* justice-for-familiesTests */ = {
			isa = PBXGroup;
			children = (
				3D5FA32225449D1800888CC8 /* justice_for_familiesTests.swift */,
				3D5FA32425449D1800888CC8 /* Info.plist */,
			);
			path = "justice-for-familiesTests";
			sourceTree = "<group>";
		};
		3D5FA32C25449D1800888CC8 /* justice-for-familiesUITests */ = {
			isa = PBXGroup;
			children = (
				3D5FA32D25449D1800888CC8 /* justice_for_familiesUITests.swift */,
				3D5FA32F25449D1800888CC8 /* Info.plist */,
			);
			path = "justice-for-familiesUITests";
			sourceTree = "<group>";
		};
		4A781E59262F906900ABDEDF /* Recovered References */ = {
			isa = PBXGroup;
			children = (
				5B3EE6E425EC84C7005FCA29 /* AuthenticationData.swift */,
			);
			name = "Recovered References";
			sourceTree = "<group>";
		};
		4AB894BD263A2710002194F6 /* Activity View */ = {
			isa = PBXGroup;
			children = (
				4A3430BC263A2A36007F4DD0 /* ActivityView.swift */,
				4A71FDD6263DEF9300866219 /* Activity.swift */,
				4A1F83B3263A2F4B00BD1CF8 /* ActivityCell.swift */,
			);
			path = "Activity View";
			sourceTree = "<group>";
		};
		4AD5DC97262F8B9800A614B1 /* Util */ = {
			isa = PBXGroup;
			children = (
				4AD5DC9A262F8BAD00A614B1 /* J4FColors.swift */,
				4AD5DC99262F8BAD00A614B1 /* J4FFonts.swift */,
				3D95CE02263A2C9900BCE72F /* Time.swift */,
			);
			path = Util;
			sourceTree = "<group>";
		};
		4ADEDBDF2638DB4C00F9E9AB /* Home Feed */ = {
			isa = PBXGroup;
			children = (
				4A781E79262F915900ABDEDF /* HomeFeed.swift */,
				5BA5F07C263A221C00706B25 /* WhatYouMissedCell.swift */,
				4A781E7A262F915900ABDEDF /* FeedCell.swift */,
				4A50F167263092C4005A1413 /* TagCell.swift */,
			);
			path = "Home Feed";
			sourceTree = "<group>";
		};
		4ADEDBE32638DB7F00F9E9AB /* Authentication Views */ = {
			isa = PBXGroup;
			children = (
				5BE5421525B3A4EB008DF7A8 /* LoginView.swift */,
				5BE5421025B3A4E4008DF7A8 /* SignUpView.swift */,
			);
			path = "Authentication Views";
			sourceTree = "<group>";
		};
		4ADEDBE42638DB8B00F9E9AB /* Post View */ = {
			isa = PBXGroup;
			children = (
				5B5CB0AD257B094F00357437 /* PostView.swift */,
				5BE541FD25B3A3FC008DF7A8 /* CommentRow.swift */,
				5BE5420825B3A43E008DF7A8 /* AddCommentFooter.swift */,
			);
			path = "Post View";
			sourceTree = "<group>";
		};
		4ADEDBE52638DB9800F9E9AB /* Add Post View */ = {
			isa = PBXGroup;
			children = (
				6C9CEC54258051C100F4A733 /* AddPostView.swift */,
				5AE31D2A262FE70F00382580 /* AddTagsView.swift */,
			);
			path = "Add Post View";
			sourceTree = "<group>";
		};
		4ADEDBE62638DBA800F9E9AB /* Profile View */ = {
			isa = PBXGroup;
			children = (
				6C2B213225F17F890076691C /* UserProfileView.swift */,
			);
			path = "Profile View";
			sourceTree = "<group>";
		};
		4ADEDBE72638DBB600F9E9AB /* Edit Profile View */ = {
			isa = PBXGroup;
			children = (
				6C2B212D25F17F820076691C /* EditProfileView.swift */,
			);
			path = "Edit Profile View";
			sourceTree = "<group>";
		};
		C278BEFD25EA40A200F50373 /* Custom Fonts */ = {
			isa = PBXGroup;
			children = (
				C278BF0325EA41AB00F50373 /* Poppins-Medium.ttf */,
				C278BEFE25EA419500F50373 /* Poppins-Regular.ttf */,
			);
			path = "Custom Fonts";
			sourceTree = "<group>";
		};
		EBBA0B836B2D023B1F797E0D /* Pods */ = {
			isa = PBXGroup;
			children = (
				714F563F8C6C22D2BADAB284 /* Pods-justice-for-families.debug.xcconfig */,
				6FB7B6F528817BC29A79A156 /* Pods-justice-for-families.release.xcconfig */,
				71BECD6C781A015883954734 /* Pods-justice-for-families-justice-for-familiesUITests.debug.xcconfig */,
				5AC2D1E29C2FB70D75D9D685 /* Pods-justice-for-families-justice-for-familiesUITests.release.xcconfig */,
				BB8B297DF4A152160B928D36 /* Pods-justice-for-familiesTests.debug.xcconfig */,
				2611575408C96908AE029F6C /* Pods-justice-for-familiesTests.release.xcconfig */,
			);
			path = Pods;
			sourceTree = "<group>";
		};
/* End PBXGroup section */

/* Begin PBXNativeTarget section */
		3D5FA30C25449D1400888CC8 /* justice-for-families */ = {
			isa = PBXNativeTarget;
			buildConfigurationList = 3D5FA33225449D1800888CC8 /* Build configuration list for PBXNativeTarget "justice-for-families" */;
			buildPhases = (
				3231732A097D7B8CBE29E112 /* [CP] Check Pods Manifest.lock */,
				3D5FA30925449D1400888CC8 /* Sources */,
				3D5FA30A25449D1400888CC8 /* Frameworks */,
				3D5FA30B25449D1400888CC8 /* Resources */,
				615D541BE2A565D4D47D5672 /* [CP] Embed Pods Frameworks */,
			);
			buildRules = (
			);
			dependencies = (
			);
			name = "justice-for-families";
			productName = "justice-for-families";
			productReference = 3D5FA30D25449D1400888CC8 /* justice-for-families.app */;
			productType = "com.apple.product-type.application";
		};
		3D5FA31D25449D1800888CC8 /* justice-for-familiesTests */ = {
			isa = PBXNativeTarget;
			buildConfigurationList = 3D5FA33525449D1800888CC8 /* Build configuration list for PBXNativeTarget "justice-for-familiesTests" */;
			buildPhases = (
				BB9F87750C9B7F4B51D49A73 /* [CP] Check Pods Manifest.lock */,
				3D5FA31A25449D1800888CC8 /* Sources */,
				3D5FA31B25449D1800888CC8 /* Frameworks */,
				3D5FA31C25449D1800888CC8 /* Resources */,
			);
			buildRules = (
			);
			dependencies = (
				3D5FA32025449D1800888CC8 /* PBXTargetDependency */,
			);
			name = "justice-for-familiesTests";
			productName = "justice-for-familiesTests";
			productReference = 3D5FA31E25449D1800888CC8 /* justice-for-familiesTests.xctest */;
			productType = "com.apple.product-type.bundle.unit-test";
		};
		3D5FA32825449D1800888CC8 /* justice-for-familiesUITests */ = {
			isa = PBXNativeTarget;
			buildConfigurationList = 3D5FA33825449D1800888CC8 /* Build configuration list for PBXNativeTarget "justice-for-familiesUITests" */;
			buildPhases = (
				3DC8B6D097186A04C012425B /* [CP] Check Pods Manifest.lock */,
				3D5FA32525449D1800888CC8 /* Sources */,
				3D5FA32625449D1800888CC8 /* Frameworks */,
				3D5FA32725449D1800888CC8 /* Resources */,
				72B2E34FB10D99295817BF64 /* [CP] Embed Pods Frameworks */,
			);
			buildRules = (
			);
			dependencies = (
				3D5FA32B25449D1800888CC8 /* PBXTargetDependency */,
			);
			name = "justice-for-familiesUITests";
			productName = "justice-for-familiesUITests";
			productReference = 3D5FA32925449D1800888CC8 /* justice-for-familiesUITests.xctest */;
			productType = "com.apple.product-type.bundle.ui-testing";
		};
/* End PBXNativeTarget section */

/* Begin PBXProject section */
		3D5FA30525449D1400888CC8 /* Project object */ = {
			isa = PBXProject;
			attributes = {
				LastSwiftUpdateCheck = 1200;
				LastUpgradeCheck = 1250;
				TargetAttributes = {
					3D5FA30C25449D1400888CC8 = {
						CreatedOnToolsVersion = 12.0.1;
					};
					3D5FA31D25449D1800888CC8 = {
						CreatedOnToolsVersion = 12.0.1;
						TestTargetID = 3D5FA30C25449D1400888CC8;
					};
					3D5FA32825449D1800888CC8 = {
						CreatedOnToolsVersion = 12.0.1;
						TestTargetID = 3D5FA30C25449D1400888CC8;
					};
				};
			};
			buildConfigurationList = 3D5FA30825449D1400888CC8 /* Build configuration list for PBXProject "justice-for-families" */;
			compatibilityVersion = "Xcode 9.3";
			developmentRegion = en;
			hasScannedForEncodings = 0;
			knownRegions = (
				en,
				Base,
			);
			mainGroup = 3D5FA30425449D1400888CC8;
			productRefGroup = 3D5FA30E25449D1400888CC8 /* Products */;
			projectDirPath = "";
			projectRoot = "";
			targets = (
				3D5FA30C25449D1400888CC8 /* justice-for-families */,
				3D5FA31D25449D1800888CC8 /* justice-for-familiesTests */,
				3D5FA32825449D1800888CC8 /* justice-for-familiesUITests */,
			);
		};
/* End PBXProject section */

/* Begin PBXResourcesBuildPhase section */
		3D5FA30B25449D1400888CC8 /* Resources */ = {
			isa = PBXResourcesBuildPhase;
			buildActionMask = 2147483647;
			files = (
				C278BEFF25EA419500F50373 /* Poppins-Regular.ttf in Resources */,
				C278BF0425EA41AB00F50373 /* Poppins-Medium.ttf in Resources */,
				3D5FA31825449D1700888CC8 /* Preview Assets.xcassets in Resources */,
				3D5FA31525449D1700888CC8 /* Assets.xcassets in Resources */,
			);
			runOnlyForDeploymentPostprocessing = 0;
		};
		3D5FA31C25449D1800888CC8 /* Resources */ = {
			isa = PBXResourcesBuildPhase;
			buildActionMask = 2147483647;
			files = (
			);
			runOnlyForDeploymentPostprocessing = 0;
		};
		3D5FA32725449D1800888CC8 /* Resources */ = {
			isa = PBXResourcesBuildPhase;
			buildActionMask = 2147483647;
			files = (
			);
			runOnlyForDeploymentPostprocessing = 0;
		};
/* End PBXResourcesBuildPhase section */

/* Begin PBXShellScriptBuildPhase section */
		3231732A097D7B8CBE29E112 /* [CP] Check Pods Manifest.lock */ = {
			isa = PBXShellScriptBuildPhase;
			buildActionMask = 2147483647;
			files = (
			);
			inputFileListPaths = (
			);
			inputPaths = (
				"${PODS_PODFILE_DIR_PATH}/Podfile.lock",
				"${PODS_ROOT}/Manifest.lock",
			);
			name = "[CP] Check Pods Manifest.lock";
			outputFileListPaths = (
			);
			outputPaths = (
				"$(DERIVED_FILE_DIR)/Pods-justice-for-families-checkManifestLockResult.txt",
			);
			runOnlyForDeploymentPostprocessing = 0;
			shellPath = /bin/sh;
			shellScript = "diff \"${PODS_PODFILE_DIR_PATH}/Podfile.lock\" \"${PODS_ROOT}/Manifest.lock\" > /dev/null\nif [ $? != 0 ] ; then\n    # print error to STDERR\n    echo \"error: The sandbox is not in sync with the Podfile.lock. Run 'pod install' or update your CocoaPods installation.\" >&2\n    exit 1\nfi\n# This output is used by Xcode 'outputs' to avoid re-running this script phase.\necho \"SUCCESS\" > \"${SCRIPT_OUTPUT_FILE_0}\"\n";
			showEnvVarsInLog = 0;
		};
		3DC8B6D097186A04C012425B /* [CP] Check Pods Manifest.lock */ = {
			isa = PBXShellScriptBuildPhase;
			buildActionMask = 2147483647;
			files = (
			);
			inputFileListPaths = (
			);
			inputPaths = (
				"${PODS_PODFILE_DIR_PATH}/Podfile.lock",
				"${PODS_ROOT}/Manifest.lock",
			);
			name = "[CP] Check Pods Manifest.lock";
			outputFileListPaths = (
			);
			outputPaths = (
				"$(DERIVED_FILE_DIR)/Pods-justice-for-families-justice-for-familiesUITests-checkManifestLockResult.txt",
			);
			runOnlyForDeploymentPostprocessing = 0;
			shellPath = /bin/sh;
			shellScript = "diff \"${PODS_PODFILE_DIR_PATH}/Podfile.lock\" \"${PODS_ROOT}/Manifest.lock\" > /dev/null\nif [ $? != 0 ] ; then\n    # print error to STDERR\n    echo \"error: The sandbox is not in sync with the Podfile.lock. Run 'pod install' or update your CocoaPods installation.\" >&2\n    exit 1\nfi\n# This output is used by Xcode 'outputs' to avoid re-running this script phase.\necho \"SUCCESS\" > \"${SCRIPT_OUTPUT_FILE_0}\"\n";
			showEnvVarsInLog = 0;
		};
		615D541BE2A565D4D47D5672 /* [CP] Embed Pods Frameworks */ = {
			isa = PBXShellScriptBuildPhase;
			buildActionMask = 2147483647;
			files = (
			);
			inputFileListPaths = (
				"${PODS_ROOT}/Target Support Files/Pods-justice-for-families/Pods-justice-for-families-frameworks-${CONFIGURATION}-input-files.xcfilelist",
			);
			name = "[CP] Embed Pods Frameworks";
			outputFileListPaths = (
				"${PODS_ROOT}/Target Support Files/Pods-justice-for-families/Pods-justice-for-families-frameworks-${CONFIGURATION}-output-files.xcfilelist",
			);
			runOnlyForDeploymentPostprocessing = 0;
			shellPath = /bin/sh;
			shellScript = "\"${PODS_ROOT}/Target Support Files/Pods-justice-for-families/Pods-justice-for-families-frameworks.sh\"\n";
			showEnvVarsInLog = 0;
		};
		72B2E34FB10D99295817BF64 /* [CP] Embed Pods Frameworks */ = {
			isa = PBXShellScriptBuildPhase;
			buildActionMask = 2147483647;
			files = (
			);
			inputFileListPaths = (
				"${PODS_ROOT}/Target Support Files/Pods-justice-for-families-justice-for-familiesUITests/Pods-justice-for-families-justice-for-familiesUITests-frameworks-${CONFIGURATION}-input-files.xcfilelist",
			);
			name = "[CP] Embed Pods Frameworks";
			outputFileListPaths = (
				"${PODS_ROOT}/Target Support Files/Pods-justice-for-families-justice-for-familiesUITests/Pods-justice-for-families-justice-for-familiesUITests-frameworks-${CONFIGURATION}-output-files.xcfilelist",
			);
			runOnlyForDeploymentPostprocessing = 0;
			shellPath = /bin/sh;
			shellScript = "\"${PODS_ROOT}/Target Support Files/Pods-justice-for-families-justice-for-familiesUITests/Pods-justice-for-families-justice-for-familiesUITests-frameworks.sh\"\n";
			showEnvVarsInLog = 0;
		};
		BB9F87750C9B7F4B51D49A73 /* [CP] Check Pods Manifest.lock */ = {
			isa = PBXShellScriptBuildPhase;
			buildActionMask = 2147483647;
			files = (
			);
			inputFileListPaths = (
			);
			inputPaths = (
				"${PODS_PODFILE_DIR_PATH}/Podfile.lock",
				"${PODS_ROOT}/Manifest.lock",
			);
			name = "[CP] Check Pods Manifest.lock";
			outputFileListPaths = (
			);
			outputPaths = (
				"$(DERIVED_FILE_DIR)/Pods-justice-for-familiesTests-checkManifestLockResult.txt",
			);
			runOnlyForDeploymentPostprocessing = 0;
			shellPath = /bin/sh;
			shellScript = "diff \"${PODS_PODFILE_DIR_PATH}/Podfile.lock\" \"${PODS_ROOT}/Manifest.lock\" > /dev/null\nif [ $? != 0 ] ; then\n    # print error to STDERR\n    echo \"error: The sandbox is not in sync with the Podfile.lock. Run 'pod install' or update your CocoaPods installation.\" >&2\n    exit 1\nfi\n# This output is used by Xcode 'outputs' to avoid re-running this script phase.\necho \"SUCCESS\" > \"${SCRIPT_OUTPUT_FILE_0}\"\n";
			showEnvVarsInLog = 0;
		};
/* End PBXShellScriptBuildPhase section */

/* Begin PBXSourcesBuildPhase section */
		3D5FA30925449D1400888CC8 /* Sources */ = {
			isa = PBXSourcesBuildPhase;
			buildActionMask = 2147483647;
			files = (
				6C2B212E25F17F820076691C /* EditProfileView.swift in Sources */,
				4A781E8A262F91C800ABDEDF /* AuthenticationData.swift in Sources */,
				4A64399B25C4E2990014B3FF /* Network.swift in Sources */,
				5B5CB0AE257B094F00357437 /* PostView.swift in Sources */,
				5BE541F125B3A331008DF7A8 /* AppConstants.swift in Sources */,
				4A3430BD263A2A36007F4DD0 /* ActivityView.swift in Sources */,
				4A781E7C262F915900ABDEDF /* FeedCell.swift in Sources */,
				5BE541FE25B3A3FC008DF7A8 /* CommentRow.swift in Sources */,
				6CFB7DEC25B243F5009A11AA /* TabBar.swift in Sources */,
				5BA5F07D263A221C00706B25 /* WhatYouMissedCell.swift in Sources */,
				4AD5DCA0262F8BAD00A614B1 /* J4FColors.swift in Sources */,
				5AE31D2B262FE70F00382580 /* AddTagsView.swift in Sources */,
				5BE5420925B3A43E008DF7A8 /* AddCommentFooter.swift in Sources */,
				3D45909926334529006DA56D /* SearchBar.swift in Sources */,
				3D95CE03263A2C9900BCE72F /* Time.swift in Sources */,
				5BE5421125B3A4E4008DF7A8 /* SignUpView.swift in Sources */,
				6C2B213325F17F890076691C /* UserProfileView.swift in Sources */,
				6C9CEC55258051C100F4A733 /* AddPostView.swift in Sources */,
				4A781E7B262F915900ABDEDF /* HomeFeed.swift in Sources */,
				4A50F168263092C4005A1413 /* TagCell.swift in Sources */,
				4AD5DC9F262F8BAD00A614B1 /* J4FFonts.swift in Sources */,
				4A1F83B4263A2F4B00BD1CF8 /* ActivityCell.swift in Sources */,
				5BE5421625B3A4EB008DF7A8 /* LoginView.swift in Sources */,
				4A781E94262F920A00ABDEDF /* Comment.swift in Sources */,
				3D5FA31125449D1400888CC8 /* justice_for_familiesApp.swift in Sources */,
				4A71FDD7263DEF9300866219 /* Activity.swift in Sources */,
				4A781E8F262F91F900ABDEDF /* Post.swift in Sources */,
			);
			runOnlyForDeploymentPostprocessing = 0;
		};
		3D5FA31A25449D1800888CC8 /* Sources */ = {
			isa = PBXSourcesBuildPhase;
			buildActionMask = 2147483647;
			files = (
				3D5FA32325449D1800888CC8 /* justice_for_familiesTests.swift in Sources */,
			);
			runOnlyForDeploymentPostprocessing = 0;
		};
		3D5FA32525449D1800888CC8 /* Sources */ = {
			isa = PBXSourcesBuildPhase;
			buildActionMask = 2147483647;
			files = (
				3D5FA32E25449D1800888CC8 /* justice_for_familiesUITests.swift in Sources */,
			);
			runOnlyForDeploymentPostprocessing = 0;
		};
/* End PBXSourcesBuildPhase section */

/* Begin PBXTargetDependency section */
		3D5FA32025449D1800888CC8 /* PBXTargetDependency */ = {
			isa = PBXTargetDependency;
			target = 3D5FA30C25449D1400888CC8 /* justice-for-families */;
			targetProxy = 3D5FA31F25449D1800888CC8 /* PBXContainerItemProxy */;
		};
		3D5FA32B25449D1800888CC8 /* PBXTargetDependency */ = {
			isa = PBXTargetDependency;
			target = 3D5FA30C25449D1400888CC8 /* justice-for-families */;
			targetProxy = 3D5FA32A25449D1800888CC8 /* PBXContainerItemProxy */;
		};
/* End PBXTargetDependency section */

/* Begin XCBuildConfiguration section */
		3D5FA33025449D1800888CC8 /* Debug */ = {
			isa = XCBuildConfiguration;
			buildSettings = {
				ALWAYS_SEARCH_USER_PATHS = NO;
				CLANG_ANALYZER_NONNULL = YES;
				CLANG_ANALYZER_NUMBER_OBJECT_CONVERSION = YES_AGGRESSIVE;
				CLANG_CXX_LANGUAGE_STANDARD = "gnu++14";
				CLANG_CXX_LIBRARY = "libc++";
				CLANG_ENABLE_MODULES = YES;
				CLANG_ENABLE_OBJC_ARC = YES;
				CLANG_ENABLE_OBJC_WEAK = YES;
				CLANG_WARN_BLOCK_CAPTURE_AUTORELEASING = YES;
				CLANG_WARN_BOOL_CONVERSION = YES;
				CLANG_WARN_COMMA = YES;
				CLANG_WARN_CONSTANT_CONVERSION = YES;
				CLANG_WARN_DEPRECATED_OBJC_IMPLEMENTATIONS = YES;
				CLANG_WARN_DIRECT_OBJC_ISA_USAGE = YES_ERROR;
				CLANG_WARN_DOCUMENTATION_COMMENTS = YES;
				CLANG_WARN_EMPTY_BODY = YES;
				CLANG_WARN_ENUM_CONVERSION = YES;
				CLANG_WARN_INFINITE_RECURSION = YES;
				CLANG_WARN_INT_CONVERSION = YES;
				CLANG_WARN_NON_LITERAL_NULL_CONVERSION = YES;
				CLANG_WARN_OBJC_IMPLICIT_RETAIN_SELF = YES;
				CLANG_WARN_OBJC_LITERAL_CONVERSION = YES;
				CLANG_WARN_OBJC_ROOT_CLASS = YES_ERROR;
				CLANG_WARN_QUOTED_INCLUDE_IN_FRAMEWORK_HEADER = YES;
				CLANG_WARN_RANGE_LOOP_ANALYSIS = YES;
				CLANG_WARN_STRICT_PROTOTYPES = YES;
				CLANG_WARN_SUSPICIOUS_MOVE = YES;
				CLANG_WARN_UNGUARDED_AVAILABILITY = YES_AGGRESSIVE;
				CLANG_WARN_UNREACHABLE_CODE = YES;
				CLANG_WARN__DUPLICATE_METHOD_MATCH = YES;
				COPY_PHASE_STRIP = NO;
				DEBUG_INFORMATION_FORMAT = dwarf;
				ENABLE_STRICT_OBJC_MSGSEND = YES;
				ENABLE_TESTABILITY = YES;
				GCC_C_LANGUAGE_STANDARD = gnu11;
				GCC_DYNAMIC_NO_PIC = NO;
				GCC_NO_COMMON_BLOCKS = YES;
				GCC_OPTIMIZATION_LEVEL = 0;
				GCC_PREPROCESSOR_DEFINITIONS = (
					"DEBUG=1",
					"$(inherited)",
				);
				GCC_WARN_64_TO_32_BIT_CONVERSION = YES;
				GCC_WARN_ABOUT_RETURN_TYPE = YES_ERROR;
				GCC_WARN_UNDECLARED_SELECTOR = YES;
				GCC_WARN_UNINITIALIZED_AUTOS = YES_AGGRESSIVE;
				GCC_WARN_UNUSED_FUNCTION = YES;
				GCC_WARN_UNUSED_VARIABLE = YES;
				IPHONEOS_DEPLOYMENT_TARGET = 14.0;
				MTL_ENABLE_DEBUG_INFO = INCLUDE_SOURCE;
				MTL_FAST_MATH = YES;
				ONLY_ACTIVE_ARCH = YES;
				SDKROOT = iphoneos;
				SWIFT_ACTIVE_COMPILATION_CONDITIONS = DEBUG;
				SWIFT_OPTIMIZATION_LEVEL = "-Onone";
			};
			name = Debug;
		};
		3D5FA33125449D1800888CC8 /* Release */ = {
			isa = XCBuildConfiguration;
			buildSettings = {
				ALWAYS_SEARCH_USER_PATHS = NO;
				CLANG_ANALYZER_NONNULL = YES;
				CLANG_ANALYZER_NUMBER_OBJECT_CONVERSION = YES_AGGRESSIVE;
				CLANG_CXX_LANGUAGE_STANDARD = "gnu++14";
				CLANG_CXX_LIBRARY = "libc++";
				CLANG_ENABLE_MODULES = YES;
				CLANG_ENABLE_OBJC_ARC = YES;
				CLANG_ENABLE_OBJC_WEAK = YES;
				CLANG_WARN_BLOCK_CAPTURE_AUTORELEASING = YES;
				CLANG_WARN_BOOL_CONVERSION = YES;
				CLANG_WARN_COMMA = YES;
				CLANG_WARN_CONSTANT_CONVERSION = YES;
				CLANG_WARN_DEPRECATED_OBJC_IMPLEMENTATIONS = YES;
				CLANG_WARN_DIRECT_OBJC_ISA_USAGE = YES_ERROR;
				CLANG_WARN_DOCUMENTATION_COMMENTS = YES;
				CLANG_WARN_EMPTY_BODY = YES;
				CLANG_WARN_ENUM_CONVERSION = YES;
				CLANG_WARN_INFINITE_RECURSION = YES;
				CLANG_WARN_INT_CONVERSION = YES;
				CLANG_WARN_NON_LITERAL_NULL_CONVERSION = YES;
				CLANG_WARN_OBJC_IMPLICIT_RETAIN_SELF = YES;
				CLANG_WARN_OBJC_LITERAL_CONVERSION = YES;
				CLANG_WARN_OBJC_ROOT_CLASS = YES_ERROR;
				CLANG_WARN_QUOTED_INCLUDE_IN_FRAMEWORK_HEADER = YES;
				CLANG_WARN_RANGE_LOOP_ANALYSIS = YES;
				CLANG_WARN_STRICT_PROTOTYPES = YES;
				CLANG_WARN_SUSPICIOUS_MOVE = YES;
				CLANG_WARN_UNGUARDED_AVAILABILITY = YES_AGGRESSIVE;
				CLANG_WARN_UNREACHABLE_CODE = YES;
				CLANG_WARN__DUPLICATE_METHOD_MATCH = YES;
				COPY_PHASE_STRIP = NO;
				DEBUG_INFORMATION_FORMAT = "dwarf-with-dsym";
				ENABLE_NS_ASSERTIONS = NO;
				ENABLE_STRICT_OBJC_MSGSEND = YES;
				GCC_C_LANGUAGE_STANDARD = gnu11;
				GCC_NO_COMMON_BLOCKS = YES;
				GCC_WARN_64_TO_32_BIT_CONVERSION = YES;
				GCC_WARN_ABOUT_RETURN_TYPE = YES_ERROR;
				GCC_WARN_UNDECLARED_SELECTOR = YES;
				GCC_WARN_UNINITIALIZED_AUTOS = YES_AGGRESSIVE;
				GCC_WARN_UNUSED_FUNCTION = YES;
				GCC_WARN_UNUSED_VARIABLE = YES;
				IPHONEOS_DEPLOYMENT_TARGET = 14.0;
				MTL_ENABLE_DEBUG_INFO = NO;
				MTL_FAST_MATH = YES;
				SDKROOT = iphoneos;
				SWIFT_COMPILATION_MODE = wholemodule;
				SWIFT_OPTIMIZATION_LEVEL = "-O";
				VALIDATE_PRODUCT = YES;
			};
			name = Release;
		};
		3D5FA33325449D1800888CC8 /* Debug */ = {
			isa = XCBuildConfiguration;
			baseConfigurationReference = 714F563F8C6C22D2BADAB284 /* Pods-justice-for-families.debug.xcconfig */;
			buildSettings = {
				ASSETCATALOG_COMPILER_APPICON_NAME = AppIcon;
				ASSETCATALOG_COMPILER_GLOBAL_ACCENT_COLOR_NAME = AccentColor;
				CODE_SIGN_STYLE = Automatic;
				DEVELOPMENT_ASSET_PATHS = "\"justice-for-families/Preview Content\"";
				DEVELOPMENT_TEAM = XP89MPQNKB;
				ENABLE_PREVIEWS = YES;
				INFOPLIST_FILE = "justice-for-families/Info.plist";
				IPHONEOS_DEPLOYMENT_TARGET = 14.0;
				LD_RUNPATH_SEARCH_PATHS = (
					"$(inherited)",
					"@executable_path/Frameworks",
				);
				PRODUCT_BUNDLE_IDENTIFIER = "CtC.justice-for-families";
				PRODUCT_NAME = "$(TARGET_NAME)";
				SWIFT_VERSION = 5.0;
				TARGETED_DEVICE_FAMILY = "1,2";
			};
			name = Debug;
		};
		3D5FA33425449D1800888CC8 /* Release */ = {
			isa = XCBuildConfiguration;
			baseConfigurationReference = 6FB7B6F528817BC29A79A156 /* Pods-justice-for-families.release.xcconfig */;
			buildSettings = {
				ASSETCATALOG_COMPILER_APPICON_NAME = AppIcon;
				ASSETCATALOG_COMPILER_GLOBAL_ACCENT_COLOR_NAME = AccentColor;
				CODE_SIGN_STYLE = Automatic;
				DEVELOPMENT_ASSET_PATHS = "\"justice-for-families/Preview Content\"";
				DEVELOPMENT_TEAM = XP89MPQNKB;
				ENABLE_PREVIEWS = YES;
				INFOPLIST_FILE = "justice-for-families/Info.plist";
				IPHONEOS_DEPLOYMENT_TARGET = 14.0;
				LD_RUNPATH_SEARCH_PATHS = (
					"$(inherited)",
					"@executable_path/Frameworks",
				);
				PRODUCT_BUNDLE_IDENTIFIER = "CtC.justice-for-families";
				PRODUCT_NAME = "$(TARGET_NAME)";
				SWIFT_VERSION = 5.0;
				TARGETED_DEVICE_FAMILY = "1,2";
			};
			name = Release;
		};
		3D5FA33625449D1800888CC8 /* Debug */ = {
			isa = XCBuildConfiguration;
			baseConfigurationReference = BB8B297DF4A152160B928D36 /* Pods-justice-for-familiesTests.debug.xcconfig */;
			buildSettings = {
				ALWAYS_EMBED_SWIFT_STANDARD_LIBRARIES = YES;
				BUNDLE_LOADER = "$(TEST_HOST)";
				CODE_SIGN_STYLE = Automatic;
				INFOPLIST_FILE = "justice-for-familiesTests/Info.plist";
				IPHONEOS_DEPLOYMENT_TARGET = 14.0;
				LD_RUNPATH_SEARCH_PATHS = (
					"$(inherited)",
					"@executable_path/Frameworks",
					"@loader_path/Frameworks",
				);
				PRODUCT_BUNDLE_IDENTIFIER = "CtC.justice-for-familiesTests";
				PRODUCT_NAME = "$(TARGET_NAME)";
				SWIFT_VERSION = 5.0;
				TARGETED_DEVICE_FAMILY = "1,2";
				TEST_HOST = "$(BUILT_PRODUCTS_DIR)/justice-for-families.app/justice-for-families";
			};
			name = Debug;
		};
		3D5FA33725449D1800888CC8 /* Release */ = {
			isa = XCBuildConfiguration;
			baseConfigurationReference = 2611575408C96908AE029F6C /* Pods-justice-for-familiesTests.release.xcconfig */;
			buildSettings = {
				ALWAYS_EMBED_SWIFT_STANDARD_LIBRARIES = YES;
				BUNDLE_LOADER = "$(TEST_HOST)";
				CODE_SIGN_STYLE = Automatic;
				INFOPLIST_FILE = "justice-for-familiesTests/Info.plist";
				IPHONEOS_DEPLOYMENT_TARGET = 14.0;
				LD_RUNPATH_SEARCH_PATHS = (
					"$(inherited)",
					"@executable_path/Frameworks",
					"@loader_path/Frameworks",
				);
				PRODUCT_BUNDLE_IDENTIFIER = "CtC.justice-for-familiesTests";
				PRODUCT_NAME = "$(TARGET_NAME)";
				SWIFT_VERSION = 5.0;
				TARGETED_DEVICE_FAMILY = "1,2";
				TEST_HOST = "$(BUILT_PRODUCTS_DIR)/justice-for-families.app/justice-for-families";
			};
			name = Release;
		};
		3D5FA33925449D1800888CC8 /* Debug */ = {
			isa = XCBuildConfiguration;
			baseConfigurationReference = 71BECD6C781A015883954734 /* Pods-justice-for-families-justice-for-familiesUITests.debug.xcconfig */;
			buildSettings = {
				ALWAYS_EMBED_SWIFT_STANDARD_LIBRARIES = YES;
				CODE_SIGN_STYLE = Automatic;
				INFOPLIST_FILE = "justice-for-familiesUITests/Info.plist";
				LD_RUNPATH_SEARCH_PATHS = (
					"$(inherited)",
					"@executable_path/Frameworks",
					"@loader_path/Frameworks",
				);
				PRODUCT_BUNDLE_IDENTIFIER = "CtC.justice-for-familiesUITests";
				PRODUCT_NAME = "$(TARGET_NAME)";
				SWIFT_VERSION = 5.0;
				TARGETED_DEVICE_FAMILY = "1,2";
				TEST_TARGET_NAME = "justice-for-families";
			};
			name = Debug;
		};
		3D5FA33A25449D1800888CC8 /* Release */ = {
			isa = XCBuildConfiguration;
			baseConfigurationReference = 5AC2D1E29C2FB70D75D9D685 /* Pods-justice-for-families-justice-for-familiesUITests.release.xcconfig */;
			buildSettings = {
				ALWAYS_EMBED_SWIFT_STANDARD_LIBRARIES = YES;
				CODE_SIGN_STYLE = Automatic;
				INFOPLIST_FILE = "justice-for-familiesUITests/Info.plist";
				LD_RUNPATH_SEARCH_PATHS = (
					"$(inherited)",
					"@executable_path/Frameworks",
					"@loader_path/Frameworks",
				);
				PRODUCT_BUNDLE_IDENTIFIER = "CtC.justice-for-familiesUITests";
				PRODUCT_NAME = "$(TARGET_NAME)";
				SWIFT_VERSION = 5.0;
				TARGETED_DEVICE_FAMILY = "1,2";
				TEST_TARGET_NAME = "justice-for-families";
			};
			name = Release;
		};
/* End XCBuildConfiguration section */

/* Begin XCConfigurationList section */
		3D5FA30825449D1400888CC8 /* Build configuration list for PBXProject "justice-for-families" */ = {
			isa = XCConfigurationList;
			buildConfigurations = (
				3D5FA33025449D1800888CC8 /* Debug */,
				3D5FA33125449D1800888CC8 /* Release */,
			);
			defaultConfigurationIsVisible = 0;
			defaultConfigurationName = Release;
		};
		3D5FA33225449D1800888CC8 /* Build configuration list for PBXNativeTarget "justice-for-families" */ = {
			isa = XCConfigurationList;
			buildConfigurations = (
				3D5FA33325449D1800888CC8 /* Debug */,
				3D5FA33425449D1800888CC8 /* Release */,
			);
			defaultConfigurationIsVisible = 0;
			defaultConfigurationName = Release;
		};
		3D5FA33525449D1800888CC8 /* Build configuration list for PBXNativeTarget "justice-for-familiesTests" */ = {
			isa = XCConfigurationList;
			buildConfigurations = (
				3D5FA33625449D1800888CC8 /* Debug */,
				3D5FA33725449D1800888CC8 /* Release */,
			);
			defaultConfigurationIsVisible = 0;
			defaultConfigurationName = Release;
		};
		3D5FA33825449D1800888CC8 /* Build configuration list for PBXNativeTarget "justice-for-familiesUITests" */ = {
			isa = XCConfigurationList;
			buildConfigurations = (
				3D5FA33925449D1800888CC8 /* Debug */,
				3D5FA33A25449D1800888CC8 /* Release */,
			);
			defaultConfigurationIsVisible = 0;
			defaultConfigurationName = Release;
		};
/* End XCConfigurationList section */
	};
	rootObject = 3D5FA30525449D1400888CC8 /* Project object */;
}
