// !$*UTF8*$!
{
	archiveVersion = 1;
	classes = {
	};
	objectVersion = 50;
	objects = {

/* Begin PBXBuildFile section */
		3D5FA31125449D1400888CC8 /* justice_for_familiesApp.swift in Sources */ = {isa = PBXBuildFile; fileRef = 3D5FA31025449D1400888CC8 /* justice_for_familiesApp.swift */; };
		3D5FA31325449D1400888CC8 /* ContentView.swift in Sources */ = {isa = PBXBuildFile; fileRef = 3D5FA31225449D1400888CC8 /* ContentView.swift */; };
		3D5FA31525449D1700888CC8 /* Assets.xcassets in Resources */ = {isa = PBXBuildFile; fileRef = 3D5FA31425449D1700888CC8 /* Assets.xcassets */; };
		3D5FA31825449D1700888CC8 /* Preview Assets.xcassets in Resources */ = {isa = PBXBuildFile; fileRef = 3D5FA31725449D1700888CC8 /* Preview Assets.xcassets */; };
		3D5FA32325449D1800888CC8 /* justice_for_familiesTests.swift in Sources */ = {isa = PBXBuildFile; fileRef = 3D5FA32225449D1800888CC8 /* justice_for_familiesTests.swift */; };
		3D5FA32E25449D1800888CC8 /* justice_for_familiesUITests.swift in Sources */ = {isa = PBXBuildFile; fileRef = 3D5FA32D25449D1800888CC8 /* justice_for_familiesUITests.swift */; };
		5B5CB0AE257B094F00357437 /* PostView.swift in Sources */ = {isa = PBXBuildFile; fileRef = 5B5CB0AD257B094F00357437 /* PostView.swift */; };
		5B5CB0B3257B0CB900357437 /* PostRow.swift in Sources */ = {isa = PBXBuildFile; fileRef = 5B5CB0B2257B0CB800357437 /* PostRow.swift */; };
		5B793B1925611B92008DC69B /* LoginView.swift in Sources */ = {isa = PBXBuildFile; fileRef = 5B793B1825611B92008DC69B /* LoginView.swift */; };
		6C9CEC55258051C100F4A733 /* Post.swift in Sources */ = {isa = PBXBuildFile; fileRef = 6C9CEC54258051C100F4A733 /* Post.swift */; };
		6CFB7DEC25B243F5009A11AA /* TabBar.swift in Sources */ = {isa = PBXBuildFile; fileRef = 6CFB7DEB25B243F5009A11AA /* TabBar.swift */; };
		C24432B92569CF9500656E30 /* SignUpView.swift in Sources */ = {isa = PBXBuildFile; fileRef = C24432B82569CF9400656E30 /* SignUpView.swift */; };
		C27181662580E9D7001FA2F8 /* CommentRow.swift in Sources */ = {isa = PBXBuildFile; fileRef = C27181652580E9D7001FA2F8 /* CommentRow.swift */; };
		C271816B2581846A001FA2F8 /* AddCommentFooter.swift in Sources */ = {isa = PBXBuildFile; fileRef = C271816A2581846A001FA2F8 /* AddCommentFooter.swift */; };
/* End PBXBuildFile section */

/* Begin PBXContainerItemProxy section */
		3D5FA31F25449D1800888CC8 /* PBXContainerItemProxy */ = {
			isa = PBXContainerItemProxy;
			containerPortal = 3D5FA30525449D1400888CC8 /* Project object */;
			proxyType = 1;
			remoteGlobalIDString = 3D5FA30C25449D1400888CC8;
			remoteInfo = "justice-for-families";
		};
		3D5FA32A25449D1800888CC8 /* PBXContainerItemProxy */ = {
			isa = PBXContainerItemProxy;
			containerPortal = 3D5FA30525449D1400888CC8 /* Project object */;
			proxyType = 1;
			remoteGlobalIDString = 3D5FA30C25449D1400888CC8;
			remoteInfo = "justice-for-families";
		};
/* End PBXContainerItemProxy section */

/* Begin PBXFileReference section */
		3D5FA30D25449D1400888CC8 /* justice-for-families.app */ = {isa = PBXFileReference; explicitFileType = wrapper.application; includeInIndex = 0; path = "justice-for-families.app"; sourceTree = BUILT_PRODUCTS_DIR; };
		3D5FA31025449D1400888CC8 /* justice_for_familiesApp.swift */ = {isa = PBXFileReference; lastKnownFileType = sourcecode.swift; path = justice_for_familiesApp.swift; sourceTree = "<group>"; };
		3D5FA31225449D1400888CC8 /* ContentView.swift */ = {isa = PBXFileReference; lastKnownFileType = sourcecode.swift; path = ContentView.swift; sourceTree = "<group>"; };
		3D5FA31425449D1700888CC8 /* Assets.xcassets */ = {isa = PBXFileReference; lastKnownFileType = folder.assetcatalog; path = Assets.xcassets; sourceTree = "<group>"; };
		3D5FA31725449D1700888CC8 /* Preview Assets.xcassets */ = {isa = PBXFileReference; lastKnownFileType = folder.assetcatalog; path = "Preview Assets.xcassets"; sourceTree = "<group>"; };
		3D5FA31925449D1700888CC8 /* Info.plist */ = {isa = PBXFileReference; lastKnownFileType = text.plist.xml; path = Info.plist; sourceTree = "<group>"; };
		3D5FA31E25449D1800888CC8 /* justice-for-familiesTests.xctest */ = {isa = PBXFileReference; explicitFileType = wrapper.cfbundle; includeInIndex = 0; path = "justice-for-familiesTests.xctest"; sourceTree = BUILT_PRODUCTS_DIR; };
		3D5FA32225449D1800888CC8 /* justice_for_familiesTests.swift */ = {isa = PBXFileReference; lastKnownFileType = sourcecode.swift; path = justice_for_familiesTests.swift; sourceTree = "<group>"; };
		3D5FA32425449D1800888CC8 /* Info.plist */ = {isa = PBXFileReference; lastKnownFileType = text.plist.xml; path = Info.plist; sourceTree = "<group>"; };
		3D5FA32925449D1800888CC8 /* justice-for-familiesUITests.xctest */ = {isa = PBXFileReference; explicitFileType = wrapper.cfbundle; includeInIndex = 0; path = "justice-for-familiesUITests.xctest"; sourceTree = BUILT_PRODUCTS_DIR; };
		3D5FA32D25449D1800888CC8 /* justice_for_familiesUITests.swift */ = {isa = PBXFileReference; lastKnownFileType = sourcecode.swift; path = justice_for_familiesUITests.swift; sourceTree = "<group>"; };
		3D5FA32F25449D1800888CC8 /* Info.plist */ = {isa = PBXFileReference; lastKnownFileType = text.plist.xml; path = Info.plist; sourceTree = "<group>"; };
		5B5CB0AD257B094F00357437 /* PostView.swift */ = {isa = PBXFileReference; lastKnownFileType = sourcecode.swift; path = PostView.swift; sourceTree = "<group>"; };
		5B5CB0B2257B0CB800357437 /* PostRow.swift */ = {isa = PBXFileReference; lastKnownFileType = sourcecode.swift; path = PostRow.swift; sourceTree = "<group>"; };
		5B793B1825611B92008DC69B /* LoginView.swift */ = {isa = PBXFileReference; lastKnownFileType = sourcecode.swift; path = LoginView.swift; sourceTree = "<group>"; };
		6C9CEC54258051C100F4A733 /* Post.swift */ = {isa = PBXFileReference; lastKnownFileType = sourcecode.swift; path = Post.swift; sourceTree = "<group>"; };
		6CFB7DEB25B243F5009A11AA /* TabBar.swift */ = {isa = PBXFileReference; lastKnownFileType = sourcecode.swift; path = TabBar.swift; sourceTree = "<group>"; };
		C24432B82569CF9400656E30 /* SignUpView.swift */ = {isa = PBXFileReference; lastKnownFileType = sourcecode.swift; path = SignUpView.swift; sourceTree = "<group>"; };
		C27181652580E9D7001FA2F8 /* CommentRow.swift */ = {isa = PBXFileReference; lastKnownFileType = sourcecode.swift; path = CommentRow.swift; sourceTree = "<group>"; };
		C271816A2581846A001FA2F8 /* AddCommentFooter.swift */ = {isa = PBXFileReference; lastKnownFileType = sourcecode.swift; path = AddCommentFooter.swift; sourceTree = "<group>"; };
/* End PBXFileReference section */

/* Begin PBXFrameworksBuildPhase section */
		3D5FA30A25449D1400888CC8 /* Frameworks */ = {
			isa = PBXFrameworksBuildPhase;
			buildActionMask = 2147483647;
			files = (
			);
			runOnlyForDeploymentPostprocessing = 0;
		};
		3D5FA31B25449D1800888CC8 /* Frameworks */ = {
			isa = PBXFrameworksBuildPhase;
			buildActionMask = 2147483647;
			files = (
			);
			runOnlyForDeploymentPostprocessing = 0;
		};
		3D5FA32625449D1800888CC8 /* Frameworks */ = {
			isa = PBXFrameworksBuildPhase;
			buildActionMask = 2147483647;
			files = (
			);
			runOnlyForDeploymentPostprocessing = 0;
		};
/* End PBXFrameworksBuildPhase section */

/* Begin PBXGroup section */
		3D5FA30425449D1400888CC8 = {
			isa = PBXGroup;
			children = (
				3D5FA30F25449D1400888CC8 /* justice-for-families */,
				3D5FA32125449D1800888CC8 /* justice-for-familiesTests */,
				3D5FA32C25449D1800888CC8 /* justice-for-familiesUITests */,
				3D5FA30E25449D1400888CC8 /* Products */,
			);
			sourceTree = "<group>";
		};
		3D5FA30E25449D1400888CC8 /* Products */ = {
			isa = PBXGroup;
			children = (
				3D5FA30D25449D1400888CC8 /* justice-for-families.app */,
				3D5FA31E25449D1800888CC8 /* justice-for-familiesTests.xctest */,
				3D5FA32925449D1800888CC8 /* justice-for-familiesUITests.xctest */,
			);
			name = Products;
			sourceTree = "<group>";
		};
		3D5FA30F25449D1400888CC8 /* justice-for-families */ = {
			isa = PBXGroup;
			children = (
				5B5CB0BC257B0D2700357437 /* View */,
				3D5FA31025449D1400888CC8 /* justice_for_familiesApp.swift */,
				3D5FA31425449D1700888CC8 /* Assets.xcassets */,
				3D5FA31925449D1700888CC8 /* Info.plist */,
				3D5FA31625449D1700888CC8 /* Preview Content */,
				5B793B1825611B92008DC69B /* LoginView.swift */,
				C24432B82569CF9400656E30 /* SignUpView.swift */,
				6C9CEC54258051C100F4A733 /* Post.swift */,
				6CFB7DEB25B243F5009A11AA /* TabBar.swift */,
			);
			path = "justice-for-families";
			sourceTree = "<group>";
		};
		3D5FA31625449D1700888CC8 /* Preview Content */ = {
			isa = PBXGroup;
			children = (
				3D5FA31725449D1700888CC8 /* Preview Assets.xcassets */,
			);
			path = "Preview Content";
			sourceTree = "<group>";
		};
		3D5FA32125449D1800888CC8 /* justice-for-familiesTests */ = {
			isa = PBXGroup;
			children = (
				3D5FA32225449D1800888CC8 /* justice_for_familiesTests.swift */,
				3D5FA32425449D1800888CC8 /* Info.plist */,
			);
			path = "justice-for-familiesTests";
			sourceTree = "<group>";
		};
		3D5FA32C25449D1800888CC8 /* justice-for-familiesUITests */ = {
			isa = PBXGroup;
			children = (
				3D5FA32D25449D1800888CC8 /* justice_for_familiesUITests.swift */,
				3D5FA32F25449D1800888CC8 /* Info.plist */,
			);
			path = "justice-for-familiesUITests";
			sourceTree = "<group>";
		};
		5B5CB0BC257B0D2700357437 /* View */ = {
			isa = PBXGroup;
			children = (
				3D5FA31225449D1400888CC8 /* ContentView.swift */,
				C24432B82569CF9400656E30 /* SignUpView.swift */,
				5B5CB0AD257B094F00357437 /* PostView.swift */,
				5B793B1825611B92008DC69B /* LoginView.swift */,
				5B5CB0B2257B0CB800357437 /* PostRow.swift */,
				C27181652580E9D7001FA2F8 /* CommentRow.swift */,
				C271816A2581846A001FA2F8 /* AddCommentFooter.swift */,
			);
			path = View;
			sourceTree = "<group>";
		};
/* End PBXGroup section */

/* Begin PBXNativeTarget section */
		3D5FA30C25449D1400888CC8 /* justice-for-families */ = {
			isa = PBXNativeTarget;
			buildConfigurationList = 3D5FA33225449D1800888CC8 /* Build configuration list for PBXNativeTarget "justice-for-families" */;
			buildPhases = (
				3D5FA30925449D1400888CC8 /* Sources */,
				3D5FA30A25449D1400888CC8 /* Frameworks */,
				3D5FA30B25449D1400888CC8 /* Resources */,
			);
			buildRules = (
			);
			dependencies = (
			);
			name = "justice-for-families";
			productName = "justice-for-families";
			productReference = 3D5FA30D25449D1400888CC8 /* justice-for-families.app */;
			productType = "com.apple.product-type.application";
		};
		3D5FA31D25449D1800888CC8 /* justice-for-familiesTests */ = {
			isa = PBXNativeTarget;
			buildConfigurationList = 3D5FA33525449D1800888CC8 /* Build configuration list for PBXNativeTarget "justice-for-familiesTests" */;
			buildPhases = (
				3D5FA31A25449D1800888CC8 /* Sources */,
				3D5FA31B25449D1800888CC8 /* Frameworks */,
				3D5FA31C25449D1800888CC8 /* Resources */,
			);
			buildRules = (
			);
			dependencies = (
				3D5FA32025449D1800888CC8 /* PBXTargetDependency */,
			);
			name = "justice-for-familiesTests";
			productName = "justice-for-familiesTests";
			productReference = 3D5FA31E25449D1800888CC8 /* justice-for-familiesTests.xctest */;
			productType = "com.apple.product-type.bundle.unit-test";
		};
		3D5FA32825449D1800888CC8 /* justice-for-familiesUITests */ = {
			isa = PBXNativeTarget;
			buildConfigurationList = 3D5FA33825449D1800888CC8 /* Build configuration list for PBXNativeTarget "justice-for-familiesUITests" */;
			buildPhases = (
				3D5FA32525449D1800888CC8 /* Sources */,
				3D5FA32625449D1800888CC8 /* Frameworks */,
				3D5FA32725449D1800888CC8 /* Resources */,
			);
			buildRules = (
			);
			dependencies = (
				3D5FA32B25449D1800888CC8 /* PBXTargetDependency */,
			);
			name = "justice-for-familiesUITests";
			productName = "justice-for-familiesUITests";
			productReference = 3D5FA32925449D1800888CC8 /* justice-for-familiesUITests.xctest */;
			productType = "com.apple.product-type.bundle.ui-testing";
		};
/* End PBXNativeTarget section */

/* Begin PBXProject section */
		3D5FA30525449D1400888CC8 /* Project object */ = {
			isa = PBXProject;
			attributes = {
				LastSwiftUpdateCheck = 1200;
				LastUpgradeCheck = 1200;
				TargetAttributes = {
					3D5FA30C25449D1400888CC8 = {
						CreatedOnToolsVersion = 12.0.1;
					};
					3D5FA31D25449D1800888CC8 = {
						CreatedOnToolsVersion = 12.0.1;
						TestTargetID = 3D5FA30C25449D1400888CC8;
					};
					3D5FA32825449D1800888CC8 = {
						CreatedOnToolsVersion = 12.0.1;
						TestTargetID = 3D5FA30C25449D1400888CC8;
					};
				};
			};
			buildConfigurationList = 3D5FA30825449D1400888CC8 /* Build configuration list for PBXProject "justice-for-families" */;
			compatibilityVersion = "Xcode 9.3";
			developmentRegion = en;
			hasScannedForEncodings = 0;
			knownRegions = (
				en,
				Base,
			);
			mainGroup = 3D5FA30425449D1400888CC8;
			productRefGroup = 3D5FA30E25449D1400888CC8 /* Products */;
			projectDirPath = "";
			projectRoot = "";
			targets = (
				3D5FA30C25449D1400888CC8 /* justice-for-families */,
				3D5FA31D25449D1800888CC8 /* justice-for-familiesTests */,
				3D5FA32825449D1800888CC8 /* justice-for-familiesUITests */,
			);
		};
/* End PBXProject section */

/* Begin PBXResourcesBuildPhase section */
		3D5FA30B25449D1400888CC8 /* Resources */ = {
			isa = PBXResourcesBuildPhase;
			buildActionMask = 2147483647;
			files = (
				3D5FA31825449D1700888CC8 /* Preview Assets.xcassets in Resources */,
				3D5FA31525449D1700888CC8 /* Assets.xcassets in Resources */,
			);
			runOnlyForDeploymentPostprocessing = 0;
		};
		3D5FA31C25449D1800888CC8 /* Resources */ = {
			isa = PBXResourcesBuildPhase;
			buildActionMask = 2147483647;
			files = (
			);
			runOnlyForDeploymentPostprocessing = 0;
		};
		3D5FA32725449D1800888CC8 /* Resources */ = {
			isa = PBXResourcesBuildPhase;
			buildActionMask = 2147483647;
			files = (
			);
			runOnlyForDeploymentPostprocessing = 0;
		};
/* End PBXResourcesBuildPhase section */

/* Begin PBXSourcesBuildPhase section */
		3D5FA30925449D1400888CC8 /* Sources */ = {
			isa = PBXSourcesBuildPhase;
			buildActionMask = 2147483647;
			files = (
				5B793B1925611B92008DC69B /* LoginView.swift in Sources */,
				C24432B92569CF9500656E30 /* SignUpView.swift in Sources */,
				5B5CB0AE257B094F00357437 /* PostView.swift in Sources */,
				3D5FA31325449D1400888CC8 /* ContentView.swift in Sources */,
				6CFB7DEC25B243F5009A11AA /* TabBar.swift in Sources */,
				6C9CEC55258051C100F4A733 /* Post.swift in Sources */,
				3D5FA31125449D1400888CC8 /* justice_for_familiesApp.swift in Sources */,
			);
			runOnlyForDeploymentPostprocessing = 0;
		};
		3D5FA31A25449D1800888CC8 /* Sources */ = {
			isa = PBXSourcesBuildPhase;
			buildActionMask = 2147483647;
			files = (
				3D5FA32325449D1800888CC8 /* justice_for_familiesTests.swift in Sources */,
			);
			runOnlyForDeploymentPostprocessing = 0;
		};
		3D5FA32525449D1800888CC8 /* Sources */ = {
			isa = PBXSourcesBuildPhase;
			buildActionMask = 2147483647;
			files = (
				3D5FA32E25449D1800888CC8 /* justice_for_familiesUITests.swift in Sources */,
			);
			runOnlyForDeploymentPostprocessing = 0;
		};
/* End PBXSourcesBuildPhase section */

/* Begin PBXTargetDependency section */
		3D5FA32025449D1800888CC8 /* PBXTargetDependency */ = {
			isa = PBXTargetDependency;
			target = 3D5FA30C25449D1400888CC8 /* justice-for-families */;
			targetProxy = 3D5FA31F25449D1800888CC8 /* PBXContainerItemProxy */;
		};
		3D5FA32B25449D1800888CC8 /* PBXTargetDependency */ = {
			isa = PBXTargetDependency;
			target = 3D5FA30C25449D1400888CC8 /* justice-for-families */;
			targetProxy = 3D5FA32A25449D1800888CC8 /* PBXContainerItemProxy */;
		};
/* End PBXTargetDependency section */

/* Begin XCBuildConfiguration section */
		3D5FA33025449D1800888CC8 /* Debug */ = {
			isa = XCBuildConfiguration;
			buildSettings = {
				ALWAYS_SEARCH_USER_PATHS = NO;
				CLANG_ANALYZER_NONNULL = YES;
				CLANG_ANALYZER_NUMBER_OBJECT_CONVERSION = YES_AGGRESSIVE;
				CLANG_CXX_LANGUAGE_STANDARD = "gnu++14";
				CLANG_CXX_LIBRARY = "libc++";
				CLANG_ENABLE_MODULES = YES;
				CLANG_ENABLE_OBJC_ARC = YES;
				CLANG_ENABLE_OBJC_WEAK = YES;
				CLANG_WARN_BLOCK_CAPTURE_AUTORELEASING = YES;
				CLANG_WARN_BOOL_CONVERSION = YES;
				CLANG_WARN_COMMA = YES;
				CLANG_WARN_CONSTANT_CONVERSION = YES;
				CLANG_WARN_DEPRECATED_OBJC_IMPLEMENTATIONS = YES;
				CLANG_WARN_DIRECT_OBJC_ISA_USAGE = YES_ERROR;
				CLANG_WARN_DOCUMENTATION_COMMENTS = YES;
				CLANG_WARN_EMPTY_BODY = YES;
				CLANG_WARN_ENUM_CONVERSION = YES;
				CLANG_WARN_INFINITE_RECURSION = YES;
				CLANG_WARN_INT_CONVERSION = YES;
				CLANG_WARN_NON_LITERAL_NULL_CONVERSION = YES;
				CLANG_WARN_OBJC_IMPLICIT_RETAIN_SELF = YES;
				CLANG_WARN_OBJC_LITERAL_CONVERSION = YES;
				CLANG_WARN_OBJC_ROOT_CLASS = YES_ERROR;
				CLANG_WARN_QUOTED_INCLUDE_IN_FRAMEWORK_HEADER = YES;
				CLANG_WARN_RANGE_LOOP_ANALYSIS = YES;
				CLANG_WARN_STRICT_PROTOTYPES = YES;
				CLANG_WARN_SUSPICIOUS_MOVE = YES;
				CLANG_WARN_UNGUARDED_AVAILABILITY = YES_AGGRESSIVE;
				CLANG_WARN_UNREACHABLE_CODE = YES;
				CLANG_WARN__DUPLICATE_METHOD_MATCH = YES;
				COPY_PHASE_STRIP = NO;
				DEBUG_INFORMATION_FORMAT = dwarf;
				ENABLE_STRICT_OBJC_MSGSEND = YES;
				ENABLE_TESTABILITY = YES;
				GCC_C_LANGUAGE_STANDARD = gnu11;
				GCC_DYNAMIC_NO_PIC = NO;
				GCC_NO_COMMON_BLOCKS = YES;
				GCC_OPTIMIZATION_LEVEL = 0;
				GCC_PREPROCESSOR_DEFINITIONS = (
					"DEBUG=1",
					"$(inherited)",
				);
				GCC_WARN_64_TO_32_BIT_CONVERSION = YES;
				GCC_WARN_ABOUT_RETURN_TYPE = YES_ERROR;
				GCC_WARN_UNDECLARED_SELECTOR = YES;
				GCC_WARN_UNINITIALIZED_AUTOS = YES_AGGRESSIVE;
				GCC_WARN_UNUSED_FUNCTION = YES;
				GCC_WARN_UNUSED_VARIABLE = YES;
				IPHONEOS_DEPLOYMENT_TARGET = 14.0;
				MTL_ENABLE_DEBUG_INFO = INCLUDE_SOURCE;
				MTL_FAST_MATH = YES;
				ONLY_ACTIVE_ARCH = YES;
				SDKROOT = iphoneos;
				SWIFT_ACTIVE_COMPILATION_CONDITIONS = DEBUG;
				SWIFT_OPTIMIZATION_LEVEL = "-Onone";
			};
			name = Debug;
		};
		3D5FA33125449D1800888CC8 /* Release */ = {
			isa = XCBuildConfiguration;
			buildSettings = {
				ALWAYS_SEARCH_USER_PATHS = NO;
				CLANG_ANALYZER_NONNULL = YES;
				CLANG_ANALYZER_NUMBER_OBJECT_CONVERSION = YES_AGGRESSIVE;
				CLANG_CXX_LANGUAGE_STANDARD = "gnu++14";
				CLANG_CXX_LIBRARY = "libc++";
				CLANG_ENABLE_MODULES = YES;
				CLANG_ENABLE_OBJC_ARC = YES;
				CLANG_ENABLE_OBJC_WEAK = YES;
				CLANG_WARN_BLOCK_CAPTURE_AUTORELEASING = YES;
				CLANG_WARN_BOOL_CONVERSION = YES;
				CLANG_WARN_COMMA = YES;
				CLANG_WARN_CONSTANT_CONVERSION = YES;
				CLANG_WARN_DEPRECATED_OBJC_IMPLEMENTATIONS = YES;
				CLANG_WARN_DIRECT_OBJC_ISA_USAGE = YES_ERROR;
				CLANG_WARN_DOCUMENTATION_COMMENTS = YES;
				CLANG_WARN_EMPTY_BODY = YES;
				CLANG_WARN_ENUM_CONVERSION = YES;
				CLANG_WARN_INFINITE_RECURSION = YES;
				CLANG_WARN_INT_CONVERSION = YES;
				CLANG_WARN_NON_LITERAL_NULL_CONVERSION = YES;
				CLANG_WARN_OBJC_IMPLICIT_RETAIN_SELF = YES;
				CLANG_WARN_OBJC_LITERAL_CONVERSION = YES;
				CLANG_WARN_OBJC_ROOT_CLASS = YES_ERROR;
				CLANG_WARN_QUOTED_INCLUDE_IN_FRAMEWORK_HEADER = YES;
				CLANG_WARN_RANGE_LOOP_ANALYSIS = YES;
				CLANG_WARN_STRICT_PROTOTYPES = YES;
				CLANG_WARN_SUSPICIOUS_MOVE = YES;
				CLANG_WARN_UNGUARDED_AVAILABILITY = YES_AGGRESSIVE;
				CLANG_WARN_UNREACHABLE_CODE = YES;
				CLANG_WARN__DUPLICATE_METHOD_MATCH = YES;
				COPY_PHASE_STRIP = NO;
				DEBUG_INFORMATION_FORMAT = "dwarf-with-dsym";
				ENABLE_NS_ASSERTIONS = NO;
				ENABLE_STRICT_OBJC_MSGSEND = YES;
				GCC_C_LANGUAGE_STANDARD = gnu11;
				GCC_NO_COMMON_BLOCKS = YES;
				GCC_WARN_64_TO_32_BIT_CONVERSION = YES;
				GCC_WARN_ABOUT_RETURN_TYPE = YES_ERROR;
				GCC_WARN_UNDECLARED_SELECTOR = YES;
				GCC_WARN_UNINITIALIZED_AUTOS = YES_AGGRESSIVE;
				GCC_WARN_UNUSED_FUNCTION = YES;
				GCC_WARN_UNUSED_VARIABLE = YES;
				IPHONEOS_DEPLOYMENT_TARGET = 14.0;
				MTL_ENABLE_DEBUG_INFO = NO;
				MTL_FAST_MATH = YES;
				SDKROOT = iphoneos;
				SWIFT_COMPILATION_MODE = wholemodule;
				SWIFT_OPTIMIZATION_LEVEL = "-O";
				VALIDATE_PRODUCT = YES;
			};
			name = Release;
		};
		3D5FA33325449D1800888CC8 /* Debug */ = {
			isa = XCBuildConfiguration;
			buildSettings = {
				ASSETCATALOG_COMPILER_APPICON_NAME = AppIcon;
				ASSETCATALOG_COMPILER_GLOBAL_ACCENT_COLOR_NAME = AccentColor;
				CODE_SIGN_STYLE = Automatic;
				DEVELOPMENT_ASSET_PATHS = "\"justice-for-families/Preview Content\"";
				ENABLE_PREVIEWS = YES;
				INFOPLIST_FILE = "justice-for-families/Info.plist";
				IPHONEOS_DEPLOYMENT_TARGET = 14.0;
				LD_RUNPATH_SEARCH_PATHS = (
					"$(inherited)",
					"@executable_path/Frameworks",
				);
				PRODUCT_BUNDLE_IDENTIFIER = "CtC.justice-for-families";
				PRODUCT_NAME = "$(TARGET_NAME)";
				SWIFT_VERSION = 5.0;
				TARGETED_DEVICE_FAMILY = "1,2";
			};
			name = Debug;
		};
		3D5FA33425449D1800888CC8 /* Release */ = {
			isa = XCBuildConfiguration;
			buildSettings = {
				ASSETCATALOG_COMPILER_APPICON_NAME = AppIcon;
				ASSETCATALOG_COMPILER_GLOBAL_ACCENT_COLOR_NAME = AccentColor;
				CODE_SIGN_STYLE = Automatic;
				DEVELOPMENT_ASSET_PATHS = "\"justice-for-families/Preview Content\"";
				ENABLE_PREVIEWS = YES;
				INFOPLIST_FILE = "justice-for-families/Info.plist";
				IPHONEOS_DEPLOYMENT_TARGET = 14.0;
				LD_RUNPATH_SEARCH_PATHS = (
					"$(inherited)",
					"@executable_path/Frameworks",
				);
				PRODUCT_BUNDLE_IDENTIFIER = "CtC.justice-for-families";
				PRODUCT_NAME = "$(TARGET_NAME)";
				SWIFT_VERSION = 5.0;
				TARGETED_DEVICE_FAMILY = "1,2";
			};
			name = Release;
		};
		3D5FA33625449D1800888CC8 /* Debug */ = {
			isa = XCBuildConfiguration;
			buildSettings = {
				ALWAYS_EMBED_SWIFT_STANDARD_LIBRARIES = YES;
				BUNDLE_LOADER = "$(TEST_HOST)";
				CODE_SIGN_STYLE = Automatic;
				INFOPLIST_FILE = "justice-for-familiesTests/Info.plist";
				IPHONEOS_DEPLOYMENT_TARGET = 14.0;
				LD_RUNPATH_SEARCH_PATHS = (
					"$(inherited)",
					"@executable_path/Frameworks",
					"@loader_path/Frameworks",
				);
				PRODUCT_BUNDLE_IDENTIFIER = "CtC.justice-for-familiesTests";
				PRODUCT_NAME = "$(TARGET_NAME)";
				SWIFT_VERSION = 5.0;
				TARGETED_DEVICE_FAMILY = "1,2";
				TEST_HOST = "$(BUILT_PRODUCTS_DIR)/justice-for-families.app/justice-for-families";
			};
			name = Debug;
		};
		3D5FA33725449D1800888CC8 /* Release */ = {
			isa = XCBuildConfiguration;
			buildSettings = {
				ALWAYS_EMBED_SWIFT_STANDARD_LIBRARIES = YES;
				BUNDLE_LOADER = "$(TEST_HOST)";
				CODE_SIGN_STYLE = Automatic;
				INFOPLIST_FILE = "justice-for-familiesTests/Info.plist";
				IPHONEOS_DEPLOYMENT_TARGET = 14.0;
				LD_RUNPATH_SEARCH_PATHS = (
					"$(inherited)",
					"@executable_path/Frameworks",
					"@loader_path/Frameworks",
				);
				PRODUCT_BUNDLE_IDENTIFIER = "CtC.justice-for-familiesTests";
				PRODUCT_NAME = "$(TARGET_NAME)";
				SWIFT_VERSION = 5.0;
				TARGETED_DEVICE_FAMILY = "1,2";
				TEST_HOST = "$(BUILT_PRODUCTS_DIR)/justice-for-families.app/justice-for-families";
			};
			name = Release;
		};
		3D5FA33925449D1800888CC8 /* Debug */ = {
			isa = XCBuildConfiguration;
			buildSettings = {
				ALWAYS_EMBED_SWIFT_STANDARD_LIBRARIES = YES;
				CODE_SIGN_STYLE = Automatic;
				INFOPLIST_FILE = "justice-for-familiesUITests/Info.plist";
				LD_RUNPATH_SEARCH_PATHS = (
					"$(inherited)",
					"@executable_path/Frameworks",
					"@loader_path/Frameworks",
				);
				PRODUCT_BUNDLE_IDENTIFIER = "CtC.justice-for-familiesUITests";
				PRODUCT_NAME = "$(TARGET_NAME)";
				SWIFT_VERSION = 5.0;
				TARGETED_DEVICE_FAMILY = "1,2";
				TEST_TARGET_NAME = "justice-for-families";
			};
			name = Debug;
		};
		3D5FA33A25449D1800888CC8 /* Release */ = {
			isa = XCBuildConfiguration;
			buildSettings = {
				ALWAYS_EMBED_SWIFT_STANDARD_LIBRARIES = YES;
				CODE_SIGN_STYLE = Automatic;
				INFOPLIST_FILE = "justice-for-familiesUITests/Info.plist";
				LD_RUNPATH_SEARCH_PATHS = (
					"$(inherited)",
					"@executable_path/Frameworks",
					"@loader_path/Frameworks",
				);
				PRODUCT_BUNDLE_IDENTIFIER = "CtC.justice-for-familiesUITests";
				PRODUCT_NAME = "$(TARGET_NAME)";
				SWIFT_VERSION = 5.0;
				TARGETED_DEVICE_FAMILY = "1,2";
				TEST_TARGET_NAME = "justice-for-families";
			};
			name = Release;
		};
/* End XCBuildConfiguration section */

/* Begin XCConfigurationList section */
		3D5FA30825449D1400888CC8 /* Build configuration list for PBXProject "justice-for-families" */ = {
			isa = XCConfigurationList;
			buildConfigurations = (
				3D5FA33025449D1800888CC8 /* Debug */,
				3D5FA33125449D1800888CC8 /* Release */,
			);
			defaultConfigurationIsVisible = 0;
			defaultConfigurationName = Release;
		};
		3D5FA33225449D1800888CC8 /* Build configuration list for PBXNativeTarget "justice-for-families" */ = {
			isa = XCConfigurationList;
			buildConfigurations = (
				3D5FA33325449D1800888CC8 /* Debug */,
				3D5FA33425449D1800888CC8 /* Release */,
			);
			defaultConfigurationIsVisible = 0;
			defaultConfigurationName = Release;
		};
		3D5FA33525449D1800888CC8 /* Build configuration list for PBXNativeTarget "justice-for-familiesTests" */ = {
			isa = XCConfigurationList;
			buildConfigurations = (
				3D5FA33625449D1800888CC8 /* Debug */,
				3D5FA33725449D1800888CC8 /* Release */,
			);
			defaultConfigurationIsVisible = 0;
			defaultConfigurationName = Release;
		};
		3D5FA33825449D1800888CC8 /* Build configuration list for PBXNativeTarget "justice-for-familiesUITests" */ = {
			isa = XCConfigurationList;
			buildConfigurations = (
				3D5FA33925449D1800888CC8 /* Debug */,
				3D5FA33A25449D1800888CC8 /* Release */,
			);
			defaultConfigurationIsVisible = 0;
			defaultConfigurationName = Release;
		};
/* End XCConfigurationList section */
	};
	rootObject = 3D5FA30525449D1400888CC8 /* Project object */;
}
